# @generated by Move, please check-in and do not edit manually.

[move]
version = 3
manifest_digest = "E8253B18CB078F8B88E736EF7CDB92E03724D12AB57A8D374B6DBF4181100F2D"
deps_digest = "F8BBB0CCB2491CA29A3DF03D6F92277A4F3574266507ACD77214D37ECA3F3082"
dependencies = [
  { id = "Sui", name = "Sui" },
]

[[move.package]]
id = "MoveStdlib"
source = { git = "https://github.com/MystenLabs/sui.git", rev = "framework/testnet", subdir = "crates/sui-framework/packages/move-stdlib" }

[[move.package]]
id = "Sui"
source = { git = "https://github.com/MystenLabs/sui.git", rev = "framework/testnet", subdir = "crates/sui-framework/packages/sui-framework" }

dependencies = [
  { id = "MoveStdlib", name = "MoveStdlib" },
]

[move.toolchain-version]
compiler-version = "1.60.0"
edition = "2024.beta"
flavor = "sui"

[env]

[env.devnet]
chain-id = "9ada86bf"
original-published-id = "0x9df204865518cfcd6a121387c6b309bbd83569fce652b2ce398432e236157288"
latest-published-id = "0x9df204865518cfcd6a121387c6b309bbd83569fce652b2ce398432e236157288"
published-version = "1"

[env.testnet]
chain-id = "4c78adac"
original-published-id = "0x976482acdf9634d27b3a9ef1a37801dd4c094a8b3d2157487064abec88b9f79e"
latest-published-id = "0x976482acdf9634d27b3a9ef1a37801dd4c094a8b3d2157487064abec88b9f79e"
published-version = "1"
